// !$*UTF8*$!
{
	archiveVersion = 1;
	classes = {
	};
	objectVersion = 50;
	objects = {

/* Begin PBXBuildFile section */
		8BAFAA0922B368330023D639 /* AppDelegate.swift in Sources */ = {isa = PBXBuildFile; fileRef = 8BAFAA0822B368330023D639 /* AppDelegate.swift */; };
		8BAFAA0B22B368330023D639 /* LoginViewController.swift in Sources */ = {isa = PBXBuildFile; fileRef = 8BAFAA0A22B368330023D639 /* LoginViewController.swift */; };
		8BAFAA0E22B368330023D639 /* Main.storyboard in Resources */ = {isa = PBXBuildFile; fileRef = 8BAFAA0C22B368330023D639 /* Main.storyboard */; };
		8BAFAA1022B368350023D639 /* Assets.xcassets in Resources */ = {isa = PBXBuildFile; fileRef = 8BAFAA0F22B368350023D639 /* Assets.xcassets */; };
		8BAFAA1322B368350023D639 /* LaunchScreen.storyboard in Resources */ = {isa = PBXBuildFile; fileRef = 8BAFAA1122B368350023D639 /* LaunchScreen.storyboard */; };
		8BAFAA1E22B368360023D639 /* UserIDValidationTests.swift in Sources */ = {isa = PBXBuildFile; fileRef = 8BAFAA1D22B368360023D639 /* UserIDValidationTests.swift */; };
		8BAFAA5922B393000023D639 /* LoginViewModel.swift in Sources */ = {isa = PBXBuildFile; fileRef = 8BAFAA5822B393000023D639 /* LoginViewModel.swift */; };
		8BAFAA5B22B393770023D639 /* UserInfo.swift in Sources */ = {isa = PBXBuildFile; fileRef = 8BAFAA5A22B393770023D639 /* UserInfo.swift */; };
		8BE4060C22BBD35A006DD495 /* Localizable.strings in Resources */ = {isa = PBXBuildFile; fileRef = 8BE4060A22BBD35A006DD495 /* Localizable.strings */; };
		8BE4060F22BBD787006DD495 /* LocalizedString.swift in Sources */ = {isa = PBXBuildFile; fileRef = 8BE4060E22BBD787006DD495 /* LocalizedString.swift */; };
/* End PBXBuildFile section */

/* Begin PBXContainerItemProxy section */
		8BAFAA1A22B368360023D639 /* PBXContainerItemProxy */ = {
			isa = PBXContainerItemProxy;
			containerPortal = 8BAFA9FD22B368330023D639 /* Project object */;
			proxyType = 1;
			remoteGlobalIDString = 8BAFAA0422B368330023D639;
			remoteInfo = UserIDValidation;
		};
/* End PBXContainerItemProxy section */

/* Begin PBXFileReference section */
		8BAFAA0522B368330023D639 /* UserIDValidation.app */ = {isa = PBXFileReference; explicitFileType = wrapper.application; includeInIndex = 0; path = UserIDValidation.app; sourceTree = BUILT_PRODUCTS_DIR; };
		8BAFAA0822B368330023D639 /* AppDelegate.swift */ = {isa = PBXFileReference; lastKnownFileType = sourcecode.swift; path = AppDelegate.swift; sourceTree = "<group>"; };
		8BAFAA0A22B368330023D639 /* LoginViewController.swift */ = {isa = PBXFileReference; lastKnownFileType = sourcecode.swift; path = LoginViewController.swift; sourceTree = "<group>"; };
		8BAFAA0D22B368330023D639 /* Base */ = {isa = PBXFileReference; lastKnownFileType = file.storyboard; name = Base; path = Base.lproj/Main.storyboard; sourceTree = "<group>"; };
		8BAFAA0F22B368350023D639 /* Assets.xcassets */ = {isa = PBXFileReference; lastKnownFileType = folder.assetcatalog; path = Assets.xcassets; sourceTree = "<group>"; };
		8BAFAA1222B368350023D639 /* Base */ = {isa = PBXFileReference; lastKnownFileType = file.storyboard; name = Base; path = Base.lproj/LaunchScreen.storyboard; sourceTree = "<group>"; };
		8BAFAA1422B368350023D639 /* Info.plist */ = {isa = PBXFileReference; lastKnownFileType = text.plist.xml; path = Info.plist; sourceTree = "<group>"; };
		8BAFAA1922B368360023D639 /* UserIDValidationTests.xctest */ = {isa = PBXFileReference; explicitFileType = wrapper.cfbundle; includeInIndex = 0; path = UserIDValidationTests.xctest; sourceTree = BUILT_PRODUCTS_DIR; };
		8BAFAA1D22B368360023D639 /* UserIDValidationTests.swift */ = {isa = PBXFileReference; lastKnownFileType = sourcecode.swift; path = UserIDValidationTests.swift; sourceTree = "<group>"; };
		8BAFAA1F22B368360023D639 /* Info.plist */ = {isa = PBXFileReference; lastKnownFileType = text.plist.xml; path = Info.plist; sourceTree = "<group>"; };
		8BAFAA5822B393000023D639 /* LoginViewModel.swift */ = {isa = PBXFileReference; lastKnownFileType = sourcecode.swift; path = LoginViewModel.swift; sourceTree = "<group>"; };
		8BAFAA5A22B393770023D639 /* UserInfo.swift */ = {isa = PBXFileReference; lastKnownFileType = sourcecode.swift; path = UserInfo.swift; sourceTree = "<group>"; };
		8BE4060B22BBD35A006DD495 /* Base */ = {isa = PBXFileReference; lastKnownFileType = text.plist.strings; name = Base; path = UserIDValidation/Base.lproj/Localizable.strings; sourceTree = "<group>"; };
		8BE4060E22BBD787006DD495 /* LocalizedString.swift */ = {isa = PBXFileReference; fileEncoding = 4; lastKnownFileType = sourcecode.swift; path = LocalizedString.swift; sourceTree = "<group>"; };
/* End PBXFileReference section */

/* Begin PBXFrameworksBuildPhase section */
		8BAFAA0222B368330023D639 /* Frameworks */ = {
			isa = PBXFrameworksBuildPhase;
			buildActionMask = 2147483647;
			files = (
			);
			runOnlyForDeploymentPostprocessing = 0;
		};
		8BAFAA1622B368360023D639 /* Frameworks */ = {
			isa = PBXFrameworksBuildPhase;
			buildActionMask = 2147483647;
			files = (
			);
			runOnlyForDeploymentPostprocessing = 0;
		};
/* End PBXFrameworksBuildPhase section */

/* Begin PBXGroup section */
		8BAFA9FC22B368330023D639 = {
			isa = PBXGroup;
			children = (
				8BAFAA0722B368330023D639 /* UserIDValidation */,
				8BAFAA1C22B368360023D639 /* UserIDValidationTests */,
				8BAFAA0622B368330023D639 /* Products */,
			);
			sourceTree = "<group>";
		};
		8BAFAA0622B368330023D639 /* Products */ = {
			isa = PBXGroup;
			children = (
				8BAFAA0522B368330023D639 /* UserIDValidation.app */,
				8BAFAA1922B368360023D639 /* UserIDValidationTests.xctest */,
			);
			name = Products;
			sourceTree = "<group>";
		};
		8BAFAA0722B368330023D639 /* UserIDValidation */ = {
			isa = PBXGroup;
			children = (
				8BAFAA2B22B368E80023D639 /* Utilities */,
				8BAFAA2A22B368C60023D639 /* ViewModel */,
				8BAFAA2922B368BF0023D639 /* View */,
				8BAFAA2822B368BA0023D639 /* Model */,
				8BAFAA0822B368330023D639 /* AppDelegate.swift */,
				8BAFAA0C22B368330023D639 /* Main.storyboard */,
				8BAFAA0F22B368350023D639 /* Assets.xcassets */,
				8BAFAA1122B368350023D639 /* LaunchScreen.storyboard */,
				8BE4060A22BBD35A006DD495 /* Localizable.strings */,
				8BAFAA1422B368350023D639 /* Info.plist */,
			);
			path = UserIDValidation;
			sourceTree = "<group>";
		};
		8BAFAA1C22B368360023D639 /* UserIDValidationTests */ = {
			isa = PBXGroup;
			children = (
				8BAFAA1D22B368360023D639 /* UserIDValidationTests.swift */,
				8BAFAA1F22B368360023D639 /* Info.plist */,
			);
			path = UserIDValidationTests;
			sourceTree = "<group>";
		};
		8BAFAA2822B368BA0023D639 /* Model */ = {
			isa = PBXGroup;
			children = (
				8BAFAA5A22B393770023D639 /* UserInfo.swift */,
			);
			path = Model;
			sourceTree = "<group>";
		};
		8BAFAA2922B368BF0023D639 /* View */ = {
			isa = PBXGroup;
			children = (
				8BAFAA0A22B368330023D639 /* LoginViewController.swift */,
			);
			path = View;
			sourceTree = "<group>";
		};
		8BAFAA2A22B368C60023D639 /* ViewModel */ = {
			isa = PBXGroup;
			children = (
				8BAFAA5822B393000023D639 /* LoginViewModel.swift */,
			);
			path = ViewModel;
			sourceTree = "<group>";
		};
		8BAFAA2B22B368E80023D639 /* Utilities */ = {
			isa = PBXGroup;
			children = (
				8BE4060E22BBD787006DD495 /* LocalizedString.swift */,
			);
			path = Utilities;
			sourceTree = "<group>";
		};
/* End PBXGroup section */

/* Begin PBXNativeTarget section */
		8BAFAA0422B368330023D639 /* UserIDValidation */ = {
			isa = PBXNativeTarget;
			buildConfigurationList = 8BAFAA2222B368360023D639 /* Build configuration list for PBXNativeTarget "UserIDValidation" */;
			buildPhases = (
				8BAFAA0122B368330023D639 /* Sources */,
				8BAFAA0222B368330023D639 /* Frameworks */,
				8BAFAA0322B368330023D639 /* Resources */,
			);
			buildRules = (
			);
			dependencies = (
			);
			name = UserIDValidation;
			productName = UserIDValidation;
			productReference = 8BAFAA0522B368330023D639 /* UserIDValidation.app */;
			productType = "com.apple.product-type.application";
		};
		8BAFAA1822B368360023D639 /* UserIDValidationTests */ = {
			isa = PBXNativeTarget;
			buildConfigurationList = 8BAFAA2522B368360023D639 /* Build configuration list for PBXNativeTarget "UserIDValidationTests" */;
			buildPhases = (
				8BAFAA1522B368360023D639 /* Sources */,
				8BAFAA1622B368360023D639 /* Frameworks */,
				8BAFAA1722B368360023D639 /* Resources */,
			);
			buildRules = (
			);
			dependencies = (
				8BAFAA1B22B368360023D639 /* PBXTargetDependency */,
			);
			name = UserIDValidationTests;
			productName = UserIDValidationTests;
			productReference = 8BAFAA1922B368360023D639 /* UserIDValidationTests.xctest */;
			productType = "com.apple.product-type.bundle.unit-test";
		};
/* End PBXNativeTarget section */

/* Begin PBXProject section */
		8BAFA9FD22B368330023D639 /* Project object */ = {
			isa = PBXProject;
			attributes = {
				LastSwiftUpdateCheck = 1020;
				LastUpgradeCheck = 1020;
				ORGANIZATIONNAME = Developer;
				TargetAttributes = {
					8BAFAA0422B368330023D639 = {
						CreatedOnToolsVersion = 10.2.1;
					};
					8BAFAA1822B368360023D639 = {
						CreatedOnToolsVersion = 10.2.1;
						TestTargetID = 8BAFAA0422B368330023D639;
					};
				};
			};
			buildConfigurationList = 8BAFAA0022B368330023D639 /* Build configuration list for PBXProject "UserIDValidation" */;
			compatibilityVersion = "Xcode 9.3";
			developmentRegion = en;
			hasScannedForEncodings = 0;
			knownRegions = (
				en,
				Base,
			);
			mainGroup = 8BAFA9FC22B368330023D639;
			productRefGroup = 8BAFAA0622B368330023D639 /* Products */;
			projectDirPath = "";
			projectRoot = "";
			targets = (
				8BAFAA0422B368330023D639 /* UserIDValidation */,
				8BAFAA1822B368360023D639 /* UserIDValidationTests */,
			);
		};
/* End PBXProject section */

/* Begin PBXResourcesBuildPhase section */
		8BAFAA0322B368330023D639 /* Resources */ = {
			isa = PBXResourcesBuildPhase;
			buildActionMask = 2147483647;
			files = (
				8BAFAA1322B368350023D639 /* LaunchScreen.storyboard in Resources */,
				8BE4060C22BBD35A006DD495 /* Localizable.strings in Resources */,
				8BAFAA1022B368350023D639 /* Assets.xcassets in Resources */,
				8BAFAA0E22B368330023D639 /* Main.storyboard in Resources */,
			);
			runOnlyForDeploymentPostprocessing = 0;
		};
		8BAFAA1722B368360023D639 /* Resources */ = {
			isa = PBXResourcesBuildPhase;
			buildActionMask = 2147483647;
			files = (
			);
			runOnlyForDeploymentPostprocessing = 0;
		};
/* End PBXResourcesBuildPhase section */

/* Begin PBXSourcesBuildPhase section */
		8BAFAA0122B368330023D639 /* Sources */ = {
			isa = PBXSourcesBuildPhase;
			buildActionMask = 2147483647;
			files = (
				8BAFAA5B22B393770023D639 /* UserInfo.swift in Sources */,
				8BAFAA0B22B368330023D639 /* LoginViewController.swift in Sources */,
				8BAFAA0922B368330023D639 /* AppDelegate.swift in Sources */,
				8BAFAA5922B393000023D639 /* LoginViewModel.swift in Sources */,
				8BE4060F22BBD787006DD495 /* LocalizedString.swift in Sources */,
			);
			runOnlyForDeploymentPostprocessing = 0;
		};
		8BAFAA1522B368360023D639 /* Sources */ = {
			isa = PBXSourcesBuildPhase;
			buildActionMask = 2147483647;
			files = (
				8BAFAA1E22B368360023D639 /* UserIDValidationTests.swift in Sources */,
			);
			runOnlyForDeploymentPostprocessing = 0;
		};
/* End PBXSourcesBuildPhase section */

/* Begin PBXTargetDependency section */
		8BAFAA1B22B368360023D639 /* PBXTargetDependency */ = {
			isa = PBXTargetDependency;
			target = 8BAFAA0422B368330023D639 /* UserIDValidation */;
			targetProxy = 8BAFAA1A22B368360023D639 /* PBXContainerItemProxy */;
		};
/* End PBXTargetDependency section */

/* Begin PBXVariantGroup section */
		8BAFAA0C22B368330023D639 /* Main.storyboard */ = {
			isa = PBXVariantGroup;
			children = (
				8BAFAA0D22B368330023D639 /* Base */,
			);
			name = Main.storyboard;
			sourceTree = "<group>";
		};
		8BAFAA1122B368350023D639 /* LaunchScreen.storyboard */ = {
			isa = PBXVariantGroup;
			children = (
				8BAFAA1222B368350023D639 /* Base */,
			);
			name = LaunchScreen.storyboard;
			sourceTree = "<group>";
		};
		8BE4060A22BBD35A006DD495 /* Localizable.strings */ = {
			isa = PBXVariantGroup;
			children = (
				8BE4060B22BBD35A006DD495 /* Base */,
			);
			name = Localizable.strings;
			sourceTree = "<group>";
		};
/* End PBXVariantGroup section */

/* Begin XCBuildConfiguration section */
		8BAFAA2022B368360023D639 /* Debug */ = {
			isa = XCBuildConfiguration;
			buildSettings = {
				ALWAYS_SEARCH_USER_PATHS = NO;
				CLANG_ANALYZER_NONNULL = YES;
				CLANG_ANALYZER_NUMBER_OBJECT_CONVERSION = YES_AGGRESSIVE;
				CLANG_CXX_LANGUAGE_STANDARD = "gnu++14";
				CLANG_CXX_LIBRARY = "libc++";
				CLANG_ENABLE_MODULES = YES;
				CLANG_ENABLE_OBJC_ARC = YES;
				CLANG_ENABLE_OBJC_WEAK = YES;
				CLANG_WARN_BLOCK_CAPTURE_AUTORELEASING = YES;
				CLANG_WARN_BOOL_CONVERSION = YES;
				CLANG_WARN_COMMA = YES;
				CLANG_WARN_CONSTANT_CONVERSION = YES;
				CLANG_WARN_DEPRECATED_OBJC_IMPLEMENTATIONS = YES;
				CLANG_WARN_DIRECT_OBJC_ISA_USAGE = YES_ERROR;
				CLANG_WARN_DOCUMENTATION_COMMENTS = YES;
				CLANG_WARN_EMPTY_BODY = YES;
				CLANG_WARN_ENUM_CONVERSION = YES;
				CLANG_WARN_INFINITE_RECURSION = YES;
				CLANG_WARN_INT_CONVERSION = YES;
				CLANG_WARN_NON_LITERAL_NULL_CONVERSION = YES;
				CLANG_WARN_OBJC_IMPLICIT_RETAIN_SELF = YES;
				CLANG_WARN_OBJC_LITERAL_CONVERSION = YES;
				CLANG_WARN_OBJC_ROOT_CLASS = YES_ERROR;
				CLANG_WARN_RANGE_LOOP_ANALYSIS = YES;
				CLANG_WARN_STRICT_PROTOTYPES = YES;
				CLANG_WARN_SUSPICIOUS_MOVE = YES;
				CLANG_WARN_UNGUARDED_AVAILABILITY = YES_AGGRESSIVE;
				CLANG_WARN_UNREACHABLE_CODE = YES;
				CLANG_WARN__DUPLICATE_METHOD_MATCH = YES;
				CODE_SIGN_IDENTITY = "iPhone Developer";
				COPY_PHASE_STRIP = NO;
				DEBUG_INFORMATION_FORMAT = dwarf;
				ENABLE_STRICT_OBJC_MSGSEND = YES;
				ENABLE_TESTABILITY = YES;
				GCC_C_LANGUAGE_STANDARD = gnu11;
				GCC_DYNAMIC_NO_PIC = NO;
				GCC_NO_COMMON_BLOCKS = YES;
				GCC_OPTIMIZATION_LEVEL = 0;
				GCC_PREPROCESSOR_DEFINITIONS = (
					"DEBUG=1",
					"$(inherited)",
				);
				GCC_WARN_64_TO_32_BIT_CONVERSION = YES;
				GCC_WARN_ABOUT_RETURN_TYPE = YES_ERROR;
				GCC_WARN_UNDECLARED_SELECTOR = YES;
				GCC_WARN_UNINITIALIZED_AUTOS = YES_AGGRESSIVE;
				GCC_WARN_UNUSED_FUNCTION = YES;
				GCC_WARN_UNUSED_VARIABLE = YES;
				IPHONEOS_DEPLOYMENT_TARGET = 12.2;
				MTL_ENABLE_DEBUG_INFO = INCLUDE_SOURCE;
				MTL_FAST_MATH = YES;
				ONLY_ACTIVE_ARCH = YES;
				SDKROOT = iphoneos;
				SWIFT_ACTIVE_COMPILATION_CONDITIONS = DEBUG;
				SWIFT_OPTIMIZATION_LEVEL = "-Onone";
			};
			name = Debug;
		};
		8BAFAA2122B368360023D639 /* Release */ = {
			isa = XCBuildConfiguration;
			buildSettings = {
				ALWAYS_SEARCH_USER_PATHS = NO;
				CLANG_ANALYZER_NONNULL = YES;
				CLANG_ANALYZER_NUMBER_OBJECT_CONVERSION = YES_AGGRESSIVE;
				CLANG_CXX_LANGUAGE_STANDARD = "gnu++14";
				CLANG_CXX_LIBRARY = "libc++";
				CLANG_ENABLE_MODULES = YES;
				CLANG_ENABLE_OBJC_ARC = YES;
				CLANG_ENABLE_OBJC_WEAK = YES;
				CLANG_WARN_BLOCK_CAPTURE_AUTORELEASING = YES;
				CLANG_WARN_BOOL_CONVERSION = YES;
				CLANG_WARN_COMMA = YES;
				CLANG_WARN_CONSTANT_CONVERSION = YES;
				CLANG_WARN_DEPRECATED_OBJC_IMPLEMENTATIONS = YES;
				CLANG_WARN_DIRECT_OBJC_ISA_USAGE = YES_ERROR;
				CLANG_WARN_DOCUMENTATION_COMMENTS = YES;
				CLANG_WARN_EMPTY_BODY = YES;
				CLANG_WARN_ENUM_CONVERSION = YES;
				CLANG_WARN_INFINITE_RECURSION = YES;
				CLANG_WARN_INT_CONVERSION = YES;
				CLANG_WARN_NON_LITERAL_NULL_CONVERSION = YES;
				CLANG_WARN_OBJC_IMPLICIT_RETAIN_SELF = YES;
				CLANG_WARN_OBJC_LITERAL_CONVERSION = YES;
				CLANG_WARN_OBJC_ROOT_CLASS = YES_ERROR;
				CLANG_WARN_RANGE_LOOP_ANALYSIS = YES;
				CLANG_WARN_STRICT_PROTOTYPES = YES;
				CLANG_WARN_SUSPICIOUS_MOVE = YES;
				CLANG_WARN_UNGUARDED_AVAILABILITY = YES_AGGRESSIVE;
				CLANG_WARN_UNREACHABLE_CODE = YES;
				CLANG_WARN__DUPLICATE_METHOD_MATCH = YES;
				CODE_SIGN_IDENTITY = "iPhone Developer";
				COPY_PHASE_STRIP = NO;
				DEBUG_INFORMATION_FORMAT = "dwarf-with-dsym";
				ENABLE_NS_ASSERTIONS = NO;
				ENABLE_STRICT_OBJC_MSGSEND = YES;
				GCC_C_LANGUAGE_STANDARD = gnu11;
				GCC_NO_COMMON_BLOCKS = YES;
				GCC_WARN_64_TO_32_BIT_CONVERSION = YES;
				GCC_WARN_ABOUT_RETURN_TYPE = YES_ERROR;
				GCC_WARN_UNDECLARED_SELECTOR = YES;
				GCC_WARN_UNINITIALIZED_AUTOS = YES_AGGRESSIVE;
				GCC_WARN_UNUSED_FUNCTION = YES;
				GCC_WARN_UNUSED_VARIABLE = YES;
				IPHONEOS_DEPLOYMENT_TARGET = 12.2;
				MTL_ENABLE_DEBUG_INFO = NO;
				MTL_FAST_MATH = YES;
				SDKROOT = iphoneos;
				SWIFT_COMPILATION_MODE = wholemodule;
				SWIFT_OPTIMIZATION_LEVEL = "-O";
				VALIDATE_PRODUCT = YES;
			};
			name = Release;
		};
		8BAFAA2322B368360023D639 /* Debug */ = {
			isa = XCBuildConfiguration;
			buildSettings = {
				ASSETCATALOG_COMPILER_APPICON_NAME = AppIcon;
				CODE_SIGN_STYLE = Automatic;
				INFOPLIST_FILE = UserIDValidation/Info.plist;
				LD_RUNPATH_SEARCH_PATHS = (
					"$(inherited)",
					"@executable_path/Frameworks",
				);
				PRODUCT_BUNDLE_IDENTIFIER = com.sample.UserIDValidation;
				PRODUCT_NAME = "$(TARGET_NAME)";
				SWIFT_VERSION = 5.0;
				TARGETED_DEVICE_FAMILY = "1,2";
			};
			name = Debug;
		};
		8BAFAA2422B368360023D639 /* Release */ = {
			isa = XCBuildConfiguration;
			buildSettings = {
				ASSETCATALOG_COMPILER_APPICON_NAME = AppIcon;
				CODE_SIGN_STYLE = Automatic;
				INFOPLIST_FILE = UserIDValidation/Info.plist;
				LD_RUNPATH_SEARCH_PATHS = (
					"$(inherited)",
					"@executable_path/Frameworks",
				);
				PRODUCT_BUNDLE_IDENTIFIER = com.sample.UserIDValidation;
				PRODUCT_NAME = "$(TARGET_NAME)";
				SWIFT_VERSION = 5.0;
				TARGETED_DEVICE_FAMILY = "1,2";
			};
			name = Release;
		};
		8BAFAA2622B368360023D639 /* Debug */ = {
			isa = XCBuildConfiguration;
			buildSettings = {
				ALWAYS_EMBED_SWIFT_STANDARD_LIBRARIES = YES;
				BUNDLE_LOADER = "$(TEST_HOST)";
				CODE_SIGN_STYLE = Automatic;
				INFOPLIST_FILE = UserIDValidationTests/Info.plist;
				LD_RUNPATH_SEARCH_PATHS = (
					"$(inherited)",
					"@executable_path/Frameworks",
					"@loader_path/Frameworks",
				);
				PRODUCT_BUNDLE_IDENTIFIER = com.sample.UserIDValidationTests;
				PRODUCT_NAME = "$(TARGET_NAME)";
				SWIFT_VERSION = 5.0;
				TARGETED_DEVICE_FAMILY = "1,2";
				TEST_HOST = "$(BUILT_PRODUCTS_DIR)/UserIDValidation.app/UserIDValidation";
			};
			name = Debug;
		};
		8BAFAA2722B368360023D639 /* Release */ = {
			isa = XCBuildConfiguration;
			buildSettings = {
				ALWAYS_EMBED_SWIFT_STANDARD_LIBRARIES = YES;
				BUNDLE_LOADER = "$(TEST_HOST)";
				CODE_SIGN_STYLE = Automatic;
				INFOPLIST_FILE = UserIDValidationTests/Info.plist;
				LD_RUNPATH_SEARCH_PATHS = (
					"$(inherited)",
					"@executable_path/Frameworks",
					"@loader_path/Frameworks",
				);
				PRODUCT_BUNDLE_IDENTIFIER = com.sample.UserIDValidationTests;
				PRODUCT_NAME = "$(TARGET_NAME)";
				SWIFT_VERSION = 5.0;
				TARGETED_DEVICE_FAMILY = "1,2";
				TEST_HOST = "$(BUILT_PRODUCTS_DIR)/UserIDValidation.app/UserIDValidation";
			};
			name = Release;
		};
/* End XCBuildConfiguration section */

/* Begin XCConfigurationList section */
		8BAFAA0022B368330023D639 /* Build configuration list for PBXProject "UserIDValidation" */ = {
			isa = XCConfigurationList;
			buildConfigurations = (
				8BAFAA2022B368360023D639 /* Debug */,
				8BAFAA2122B368360023D639 /* Release */,
			);
			defaultConfigurationIsVisible = 0;
			defaultConfigurationName = Release;
		};
		8BAFAA2222B368360023D639 /* Build configuration list for PBXNativeTarget "UserIDValidation" */ = {
			isa = XCConfigurationList;
			buildConfigurations = (
				8BAFAA2322B368360023D639 /* Debug */,
				8BAFAA2422B368360023D639 /* Release */,
			);
			defaultConfigurationIsVisible = 0;
			defaultConfigurationName = Release;
		};
		8BAFAA2522B368360023D639 /* Build configuration list for PBXNativeTarget "UserIDValidationTests" */ = {
			isa = XCConfigurationList;
			buildConfigurations = (
				8BAFAA2622B368360023D639 /* Debug */,
				8BAFAA2722B368360023D639 /* Release */,
			);
			defaultConfigurationIsVisible = 0;
			defaultConfigurationName = Release;
		};
/* End XCConfigurationList section */
	};
	rootObject = 8BAFA9FD22B368330023D639 /* Project object */;
}
